
Microsoft Visual Studio Solution File, Format Version 12.00
# Visual Studio Version 17
VisualStudioVersion = 17.9.34728.123
MinimumVisualStudioVersion = 10.0.40219.1
Project("{CC5FD16D-436D-48AD-A40C-5A424C6E3E79}") = "Reddit", "Reddit\Reddit.ccproj", "{DB4427A2-5027-443D-B57D-4086604C7343}"
EndProject
Project("{FAE04EC0-301F-11D3-BF4B-00C04F79EFBC}") = "WebRole", "WebRole\WebRole.csproj", "{11C1DA40-941E-4A8B-83EB-771C888B685E}"
EndProject
Project("{FAE04EC0-301F-11D3-BF4B-00C04F79EFBC}") = "Common", "Common\Common.csproj", "{8AED9736-D0D1-4CAE-80D3-7C672BA62070}"
EndProject
Project("{FAE04EC0-301F-11D3-BF4B-00C04F79EFBC}") = "HealthMonitoringService", "HealthMonitoringService\HealthMonitoringService.csproj", "{D4BEDBE8-E66D-4330-B82E-E5715D1F987B}"
EndProject
Project("{FAE04EC0-301F-11D3-BF4B-00C04F79EFBC}") = "NotificationService", "NotificationService\NotificationService.csproj", "{C338073C-451A-4602-B983-88B398A53BD3}"
EndProject
Project("{FAE04EC0-301F-11D3-BF4B-00C04F79EFBC}") = "RedditService", "RedditService\RedditService.csproj", "{4F0A70B6-6444-472A-90F1-C1DDEF88DD98}"
EndProject
Project("{FAE04EC0-301F-11D3-BF4B-00C04F79EFBC}") = "AdminTools", "AdminTools\AdminTools.csproj", "{1D224EEE-00B4-4D50-95A3-FF882BAEE713}"
EndProject
Global
	GlobalSection(SolutionConfigurationPlatforms) = preSolution
		Debug|Any CPU = Debug|Any CPU
		Release|Any CPU = Release|Any CPU
	EndGlobalSection
	GlobalSection(ProjectConfigurationPlatforms) = postSolution
		{DB4427A2-5027-443D-B57D-4086604C7343}.Debug|Any CPU.ActiveCfg = Debug|Any CPU
		{DB4427A2-5027-443D-B57D-4086604C7343}.Debug|Any CPU.Build.0 = Debug|Any CPU
		{DB4427A2-5027-443D-B57D-4086604C7343}.Release|Any CPU.ActiveCfg = Release|Any CPU
		{DB4427A2-5027-443D-B57D-4086604C7343}.Release|Any CPU.Build.0 = Release|Any CPU
		{11C1DA40-941E-4A8B-83EB-771C888B685E}.Debug|Any CPU.ActiveCfg = Debug|Any CPU
		{11C1DA40-941E-4A8B-83EB-771C888B685E}.Debug|Any CPU.Build.0 = Debug|Any CPU
		{11C1DA40-941E-4A8B-83EB-771C888B685E}.Release|Any CPU.ActiveCfg = Release|Any CPU
		{11C1DA40-941E-4A8B-83EB-771C888B685E}.Release|Any CPU.Build.0 = Release|Any CPU
		{8AED9736-D0D1-4CAE-80D3-7C672BA62070}.Debug|Any CPU.ActiveCfg = Debug|Any CPU
		{8AED9736-D0D1-4CAE-80D3-7C672BA62070}.Debug|Any CPU.Build.0 = Debug|Any CPU
		{8AED9736-D0D1-4CAE-80D3-7C672BA62070}.Release|Any CPU.ActiveCfg = Release|Any CPU
		{8AED9736-D0D1-4CAE-80D3-7C672BA62070}.Release|Any CPU.Build.0 = Release|Any CPU
		{D4BEDBE8-E66D-4330-B82E-E5715D1F987B}.Debug|Any CPU.ActiveCfg = Debug|Any CPU
		{D4BEDBE8-E66D-4330-B82E-E5715D1F987B}.Debug|Any CPU.Build.0 = Debug|Any CPU
		{D4BEDBE8-E66D-4330-B82E-E5715D1F987B}.Release|Any CPU.ActiveCfg = Release|Any CPU
		{D4BEDBE8-E66D-4330-B82E-E5715D1F987B}.Release|Any CPU.Build.0 = Release|Any CPU
		{C338073C-451A-4602-B983-88B398A53BD3}.Debug|Any CPU.ActiveCfg = Debug|Any CPU
		{C338073C-451A-4602-B983-88B398A53BD3}.Debug|Any CPU.Build.0 = Debug|Any CPU
		{C338073C-451A-4602-B983-88B398A53BD3}.Release|Any CPU.ActiveCfg = Release|Any CPU
		{C338073C-451A-4602-B983-88B398A53BD3}.Release|Any CPU.Build.0 = Release|Any CPU
		{4F0A70B6-6444-472A-90F1-C1DDEF88DD98}.Debug|Any CPU.ActiveCfg = Debug|Any CPU
		{4F0A70B6-6444-472A-90F1-C1DDEF88DD98}.Debug|Any CPU.Build.0 = Debug|Any CPU
		{4F0A70B6-6444-472A-90F1-C1DDEF88DD98}.Release|Any CPU.ActiveCfg = Release|Any CPU
		{4F0A70B6-6444-472A-90F1-C1DDEF88DD98}.Release|Any CPU.Build.0 = Release|Any CPU
		{1D224EEE-00B4-4D50-95A3-FF882BAEE713}.Debug|Any CPU.ActiveCfg = Debug|Any CPU
		{1D224EEE-00B4-4D50-95A3-FF882BAEE713}.Debug|Any CPU.Build.0 = Debug|Any CPU
		{1D224EEE-00B4-4D50-95A3-FF882BAEE713}.Release|Any CPU.ActiveCfg = Release|Any CPU
		{1D224EEE-00B4-4D50-95A3-FF882BAEE713}.Release|Any CPU.Build.0 = Release|Any CPU
	EndGlobalSection
	GlobalSection(SolutionProperties) = preSolution
		HideSolutionNode = FALSE
	EndGlobalSection
	GlobalSection(ExtensibilityGlobals) = postSolution
		SolutionGuid = {687E07C5-4A5C-462C-B618-82DAA2AD8F3D}
	EndGlobalSection
EndGlobal
